
Microsoft Visual Studio Solution File, Format Version 12.00
# Visual Studio Version 17
VisualStudioVersion = 17.6.33815.320
MinimumVisualStudioVersion = 10.0.40219.1
Project("{FAE04EC0-301F-11D3-BF4B-00C04F79EFBC}") = "ADO.NET", "ADO.NET\ADO.NET.csproj", "{1C34B1F0-6359-44A9-9DEA-82E81D6414F4}"
EndProject
Project("{FAE04EC0-301F-11D3-BF4B-00C04F79EFBC}") = "MoviesConnector", "MoviesConnector\MoviesConnector.csproj", "{11EE20DF-4727-4E89-912C-FFE93785872D}"
EndProject
Project("{FAE04EC0-301F-11D3-BF4B-00C04F79EFBC}") = "ADO.NET_V2", "ADO.NET_V2\ADO.NET_V2.csproj", "{286810B0-B617-498E-9FEA-4A105644456F}"
EndProject
Project("{FAE04EC0-301F-11D3-BF4B-00C04F79EFBC}") = "MoviesConnector_V2", "MoviesConnector_V2\MoviesConnector_V2.csproj", "{1398C00E-53FD-4CE2-A730-FF21EED9ECD4}"
EndProject
Project("{FAE04EC0-301F-11D3-BF4B-00C04F79EFBC}") = "MoviesForms", "MoviesForms\MoviesForms.csproj", "{F7FA4AF4-C1C9-4603-BCBC-2487E8F02FE0}"
EndProject
Project("{FAE04EC0-301F-11D3-BF4B-00C04F79EFBC}") = "Academy", "Academy\Academy.csproj", "{731EF0E9-1991-4FB7-9484-0CBBAF2AE997}"
EndProject
Global
	GlobalSection(SolutionConfigurationPlatforms) = preSolution
		Debug|Any CPU = Debug|Any CPU
		Release|Any CPU = Release|Any CPU
	EndGlobalSection
	GlobalSection(ProjectConfigurationPlatforms) = postSolution
		{1C34B1F0-6359-44A9-9DEA-82E81D6414F4}.Debug|Any CPU.ActiveCfg = Debug|Any CPU
		{1C34B1F0-6359-44A9-9DEA-82E81D6414F4}.Debug|Any CPU.Build.0 = Debug|Any CPU
		{1C34B1F0-6359-44A9-9DEA-82E81D6414F4}.Release|Any CPU.ActiveCfg = Release|Any CPU
		{1C34B1F0-6359-44A9-9DEA-82E81D6414F4}.Release|Any CPU.Build.0 = Release|Any CPU
		{11EE20DF-4727-4E89-912C-FFE93785872D}.Debug|Any CPU.ActiveCfg = Debug|Any CPU
		{11EE20DF-4727-4E89-912C-FFE93785872D}.Debug|Any CPU.Build.0 = Debug|Any CPU
		{11EE20DF-4727-4E89-912C-FFE93785872D}.Release|Any CPU.ActiveCfg = Release|Any CPU
		{11EE20DF-4727-4E89-912C-FFE93785872D}.Release|Any CPU.Build.0 = Release|Any CPU
		{286810B0-B617-498E-9FEA-4A105644456F}.Debug|Any CPU.ActiveCfg = Debug|Any CPU
		{286810B0-B617-498E-9FEA-4A105644456F}.Debug|Any CPU.Build.0 = Debug|Any CPU
		{286810B0-B617-498E-9FEA-4A105644456F}.Release|Any CPU.ActiveCfg = Release|Any CPU
		{286810B0-B617-498E-9FEA-4A105644456F}.Release|Any CPU.Build.0 = Release|Any CPU
		{1398C00E-53FD-4CE2-A730-FF21EED9ECD4}.Debug|Any CPU.ActiveCfg = Debug|Any CPU
		{1398C00E-53FD-4CE2-A730-FF21EED9ECD4}.Debug|Any CPU.Build.0 = Debug|Any CPU
		{1398C00E-53FD-4CE2-A730-FF21EED9ECD4}.Release|Any CPU.ActiveCfg = Release|Any CPU
		{1398C00E-53FD-4CE2-A730-FF21EED9ECD4}.Release|Any CPU.Build.0 = Release|Any CPU
		{F7FA4AF4-C1C9-4603-BCBC-2487E8F02FE0}.Debug|Any CPU.ActiveCfg = Debug|Any CPU
		{F7FA4AF4-C1C9-4603-BCBC-2487E8F02FE0}.Debug|Any CPU.Build.0 = Debug|Any CPU
		{F7FA4AF4-C1C9-4603-BCBC-2487E8F02FE0}.Release|Any CPU.ActiveCfg = Release|Any CPU
		{F7FA4AF4-C1C9-4603-BCBC-2487E8F02FE0}.Release|Any CPU.Build.0 = Release|Any CPU
		{731EF0E9-1991-4FB7-9484-0CBBAF2AE997}.Debug|Any CPU.ActiveCfg = Debug|Any CPU
		{731EF0E9-1991-4FB7-9484-0CBBAF2AE997}.Debug|Any CPU.Build.0 = Debug|Any CPU
		{731EF0E9-1991-4FB7-9484-0CBBAF2AE997}.Release|Any CPU.ActiveCfg = Release|Any CPU
		{731EF0E9-1991-4FB7-9484-0CBBAF2AE997}.Release|Any CPU.Build.0 = Release|Any CPU
	EndGlobalSection
	GlobalSection(SolutionProperties) = preSolution
		HideSolutionNode = FALSE
	EndGlobalSection
	GlobalSection(ExtensibilityGlobals) = postSolution
		SolutionGuid = {3E9F2430-C6CF-4486-8BE7-5954EEEDE26C}
	EndGlobalSection
EndGlobal
